
Microsoft Visual Studio Solution File, Format Version 12.00
# Visual Studio Version 17
VisualStudioVersion = 17.14.36603.0 d17.14
MinimumVisualStudioVersion = 10.0.40219.1
Project("{FAE04EC0-301F-11D3-BF4B-00C04F79EFBC}") = "TourGUI", "TourGUI\TourGUI.csproj", "{196DF563-92C9-4A4B-8E7F-DE1DEC498B89}"
EndProject
Global
	GlobalSection(SolutionConfigurationPlatforms) = preSolution
		Debug|Any CPU = Debug|Any CPU
		Release|Any CPU = Release|Any CPU
	EndGlobalSection
	GlobalSection(ProjectConfigurationPlatforms) = postSolution
		{196DF563-92C9-4A4B-8E7F-DE1DEC498B89}.Debug|Any CPU.ActiveCfg = Debug|Any CPU
		{196DF563-92C9-4A4B-8E7F-DE1DEC498B89}.Debug|Any CPU.Build.0 = Debug|Any CPU
		{196DF563-92C9-4A4B-8E7F-DE1DEC498B89}.Release|Any CPU.ActiveCfg = Release|Any CPU
		{196DF563-92C9-4A4B-8E7F-DE1DEC498B89}.Release|Any CPU.Build.0 = Release|Any CPU
	EndGlobalSection
	GlobalSection(SolutionProperties) = preSolution
		HideSolutionNode = FALSE
	EndGlobalSection
	GlobalSection(ExtensibilityGlobals) = postSolution
		SolutionGuid = {047BCF4E-DEB7-448F-A846-1E3939C905A9}
	EndGlobalSection
EndGlobal
